
Microsoft Visual Studio Solution File, Format Version 12.00
# Visual Studio 15
VisualStudioVersion = 15.0.27520.0
MinimumVisualStudioVersion = 10.0.40219.1
Project("{FAE04EC0-301F-11D3-BF4B-00C04F79EFBC}") = "v4ReferenceApp", "v4ReferenceApp\v4ReferenceApp.csproj", "{6673FD23-B857-4283-B1C5-AC7F052806D2}"
EndProject
Global
	GlobalSection(SolutionConfigurationPlatforms) = preSolution
		Debug|Any CPU = Debug|Any CPU
		Release|Any CPU = Release|Any CPU
	EndGlobalSection
	GlobalSection(ProjectConfigurationPlatforms) = postSolution
		{6673FD23-B857-4283-B1C5-AC7F052806D2}.Debug|Any CPU.ActiveCfg = Debug|Any CPU
		{6673FD23-B857-4283-B1C5-AC7F052806D2}.Debug|Any CPU.Build.0 = Debug|Any CPU
		{6673FD23-B857-4283-B1C5-AC7F052806D2}.Release|Any CPU.ActiveCfg = Release|Any CPU
		{6673FD23-B857-4283-B1C5-AC7F052806D2}.Release|Any CPU.Build.0 = Release|Any CPU
	EndGlobalSection
	GlobalSection(SolutionProperties) = preSolution
		HideSolutionNode = FALSE
	EndGlobalSection
	GlobalSection(ExtensibilityGlobals) = postSolution
		SolutionGuid = {7E7DEE1B-71F0-425B-9CD0-EFFA5314373B}
	EndGlobalSection
EndGlobal
